
Microsoft Visual Studio Solution File, Format Version 11.00
# Visual Studio 2010
Project("{FAE04EC0-301F-11D3-BF4B-00C04F79EFBC}") = "SOMA_PS1_Demake", "Assembly-CSharp-firstpass.csproj", "{C718489E-3135-0F62-726F-123F001FCBE0}"
EndProject
Project("{FAE04EC0-301F-11D3-BF4B-00C04F79EFBC}") = "SOMA_PS1_Demake", "Assembly-CSharp.csproj", "{CF98CE64-8D8D-4D5F-0642-33841556012F}"
EndProject
Project("{FAE04EC0-301F-11D3-BF4B-00C04F79EFBC}") = "SOMA_PS1_Demake", "Assembly-CSharp-Editor-firstpass.csproj", "{4DD38790-7D15-BC7F-CDEF-AF11B95C16F7}"
EndProject
Project("{FAE04EC0-301F-11D3-BF4B-00C04F79EFBC}") = "SOMA_PS1_Demake", "Assembly-CSharp-Editor.csproj", "{9FBBF46B-53B7-7E7F-89F9-3776874BF6C1}"
EndProject
Global
	GlobalSection(SolutionConfigurationPlatforms) = preSolution
		Debug|Any CPU = Debug|Any CPU
		Release|Any CPU = Release|Any CPU
	EndGlobalSection
	GlobalSection(ProjectConfigurationPlatforms) = postSolution
		{C718489E-3135-0F62-726F-123F001FCBE0}.Debug|Any CPU.ActiveCfg = Debug|Any CPU
		{C718489E-3135-0F62-726F-123F001FCBE0}.Debug|Any CPU.Build.0 = Debug|Any CPU
		{C718489E-3135-0F62-726F-123F001FCBE0}.Release|Any CPU.ActiveCfg = Release|Any CPU
		{C718489E-3135-0F62-726F-123F001FCBE0}.Release|Any CPU.Build.0 = Release|Any CPU
		{CF98CE64-8D8D-4D5F-0642-33841556012F}.Debug|Any CPU.ActiveCfg = Debug|Any CPU
		{CF98CE64-8D8D-4D5F-0642-33841556012F}.Debug|Any CPU.Build.0 = Debug|Any CPU
		{CF98CE64-8D8D-4D5F-0642-33841556012F}.Release|Any CPU.ActiveCfg = Release|Any CPU
		{CF98CE64-8D8D-4D5F-0642-33841556012F}.Release|Any CPU.Build.0 = Release|Any CPU
		{4DD38790-7D15-BC7F-CDEF-AF11B95C16F7}.Debug|Any CPU.ActiveCfg = Debug|Any CPU
		{4DD38790-7D15-BC7F-CDEF-AF11B95C16F7}.Debug|Any CPU.Build.0 = Debug|Any CPU
		{4DD38790-7D15-BC7F-CDEF-AF11B95C16F7}.Release|Any CPU.ActiveCfg = Release|Any CPU
		{4DD38790-7D15-BC7F-CDEF-AF11B95C16F7}.Release|Any CPU.Build.0 = Release|Any CPU
		{9FBBF46B-53B7-7E7F-89F9-3776874BF6C1}.Debug|Any CPU.ActiveCfg = Debug|Any CPU
		{9FBBF46B-53B7-7E7F-89F9-3776874BF6C1}.Debug|Any CPU.Build.0 = Debug|Any CPU
		{9FBBF46B-53B7-7E7F-89F9-3776874BF6C1}.Release|Any CPU.ActiveCfg = Release|Any CPU
		{9FBBF46B-53B7-7E7F-89F9-3776874BF6C1}.Release|Any CPU.Build.0 = Release|Any CPU
	EndGlobalSection
	GlobalSection(SolutionProperties) = preSolution
		HideSolutionNode = FALSE
	EndGlobalSection
	GlobalSection(MonoDevelopProperties) = preSolution
		StartupItem = Assembly-CSharp.csproj
	EndGlobalSection
EndGlobal
